// !$*UTF8*$!
{
	archiveVersion = 1;
	classes = {
	};
	objectVersion = 56;
	objects = {

/* Begin PBXBuildFile section */
		08ADBF2C2AF3B055009170B3 /* AppDelegate.swift in Sources */ = {isa = PBXBuildFile; fileRef = 08ADBF2B2AF3B055009170B3 /* AppDelegate.swift */; };
		08ADBF2E2AF3B055009170B3 /* SceneDelegate.swift in Sources */ = {isa = PBXBuildFile; fileRef = 08ADBF2D2AF3B055009170B3 /* SceneDelegate.swift */; };
		08ADBF302AF3B055009170B3 /* ViewController.swift in Sources */ = {isa = PBXBuildFile; fileRef = 08ADBF2F2AF3B055009170B3 /* ViewController.swift */; };
		08ADBF332AF3B055009170B3 /* Main.storyboard in Resources */ = {isa = PBXBuildFile; fileRef = 08ADBF312AF3B055009170B3 /* Main.storyboard */; };
		08ADBF352AF3B057009170B3 /* Assets.xcassets in Resources */ = {isa = PBXBuildFile; fileRef = 08ADBF342AF3B057009170B3 /* Assets.xcassets */; };
		08ADBF382AF3B057009170B3 /* LaunchScreen.storyboard in Resources */ = {isa = PBXBuildFile; fileRef = 08ADBF362AF3B057009170B3 /* LaunchScreen.storyboard */; };
		08ADBF432AF3B058009170B3 /* chatwork_challengeTests.swift in Sources */ = {isa = PBXBuildFile; fileRef = 08ADBF422AF3B058009170B3 /* chatwork_challengeTests.swift */; };
		08ADBF4D2AF3B058009170B3 /* chatwork_challengeUITests.swift in Sources */ = {isa = PBXBuildFile; fileRef = 08ADBF4C2AF3B058009170B3 /* chatwork_challengeUITests.swift */; };
		08ADBF4F2AF3B058009170B3 /* chatwork_challengeUITestsLaunchTests.swift in Sources */ = {isa = PBXBuildFile; fileRef = 08ADBF4E2AF3B058009170B3 /* chatwork_challengeUITestsLaunchTests.swift */; };
		08ADBF612AF3D759009170B3 /* NSObject+.swift in Sources */ = {isa = PBXBuildFile; fileRef = 08ADBF602AF3D759009170B3 /* NSObject+.swift */; };
		08ADBF632AF3D7C1009170B3 /* Storyboardable.swift in Sources */ = {isa = PBXBuildFile; fileRef = 08ADBF622AF3D7C1009170B3 /* Storyboardable.swift */; };
		429093BE590DF1AC3E1EC128 /* Pods_chatwork_challenge.framework in Frameworks */ = {isa = PBXBuildFile; fileRef = DD396C1D29FDF51A0498A441 /* Pods_chatwork_challenge.framework */; };
		67E54FBB055B84C3BB1DC870 /* Pods_chatwork_challengeTests.framework in Frameworks */ = {isa = PBXBuildFile; fileRef = 945F502F3803D6E29BCD0482 /* Pods_chatwork_challengeTests.framework */; };
		F45E169CEC74DE8D13FDAE83 /* Pods_chatwork_challenge_chatwork_challengeUITests.framework in Frameworks */ = {isa = PBXBuildFile; fileRef = 446A0E9467DCF172B20140D8 /* Pods_chatwork_challenge_chatwork_challengeUITests.framework */; };
/* End PBXBuildFile section */

/* Begin PBXContainerItemProxy section */
		08ADBF3F2AF3B057009170B3 /* PBXContainerItemProxy */ = {
			isa = PBXContainerItemProxy;
			containerPortal = 08ADBF202AF3B055009170B3 /* Project object */;
			proxyType = 1;
			remoteGlobalIDString = 08ADBF272AF3B055009170B3;
			remoteInfo = "chatwork-challenge";
		};
		08ADBF492AF3B058009170B3 /* PBXContainerItemProxy */ = {
			isa = PBXContainerItemProxy;
			containerPortal = 08ADBF202AF3B055009170B3 /* Project object */;
			proxyType = 1;
			remoteGlobalIDString = 08ADBF272AF3B055009170B3;
			remoteInfo = "chatwork-challenge";
		};
/* End PBXContainerItemProxy section */

/* Begin PBXFileReference section */
		08ADBF282AF3B055009170B3 /* chatwork-challenge.app */ = {isa = PBXFileReference; explicitFileType = wrapper.application; includeInIndex = 0; path = "chatwork-challenge.app"; sourceTree = BUILT_PRODUCTS_DIR; };
		08ADBF2B2AF3B055009170B3 /* AppDelegate.swift */ = {isa = PBXFileReference; lastKnownFileType = sourcecode.swift; path = AppDelegate.swift; sourceTree = "<group>"; };
		08ADBF2D2AF3B055009170B3 /* SceneDelegate.swift */ = {isa = PBXFileReference; lastKnownFileType = sourcecode.swift; path = SceneDelegate.swift; sourceTree = "<group>"; };
		08ADBF2F2AF3B055009170B3 /* ViewController.swift */ = {isa = PBXFileReference; lastKnownFileType = sourcecode.swift; path = ViewController.swift; sourceTree = "<group>"; };
		08ADBF322AF3B055009170B3 /* Base */ = {isa = PBXFileReference; lastKnownFileType = file.storyboard; name = Base; path = Base.lproj/Main.storyboard; sourceTree = "<group>"; };
		08ADBF342AF3B057009170B3 /* Assets.xcassets */ = {isa = PBXFileReference; lastKnownFileType = folder.assetcatalog; path = Assets.xcassets; sourceTree = "<group>"; };
		08ADBF372AF3B057009170B3 /* Base */ = {isa = PBXFileReference; lastKnownFileType = file.storyboard; name = Base; path = Base.lproj/LaunchScreen.storyboard; sourceTree = "<group>"; };
		08ADBF392AF3B057009170B3 /* Info.plist */ = {isa = PBXFileReference; lastKnownFileType = text.plist.xml; path = Info.plist; sourceTree = "<group>"; };
		08ADBF3E2AF3B057009170B3 /* chatwork-challengeTests.xctest */ = {isa = PBXFileReference; explicitFileType = wrapper.cfbundle; includeInIndex = 0; path = "chatwork-challengeTests.xctest"; sourceTree = BUILT_PRODUCTS_DIR; };
		08ADBF422AF3B058009170B3 /* chatwork_challengeTests.swift */ = {isa = PBXFileReference; lastKnownFileType = sourcecode.swift; path = chatwork_challengeTests.swift; sourceTree = "<group>"; };
		08ADBF482AF3B058009170B3 /* chatwork-challengeUITests.xctest */ = {isa = PBXFileReference; explicitFileType = wrapper.cfbundle; includeInIndex = 0; path = "chatwork-challengeUITests.xctest"; sourceTree = BUILT_PRODUCTS_DIR; };
		08ADBF4C2AF3B058009170B3 /* chatwork_challengeUITests.swift */ = {isa = PBXFileReference; lastKnownFileType = sourcecode.swift; path = chatwork_challengeUITests.swift; sourceTree = "<group>"; };
		08ADBF4E2AF3B058009170B3 /* chatwork_challengeUITestsLaunchTests.swift */ = {isa = PBXFileReference; lastKnownFileType = sourcecode.swift; path = chatwork_challengeUITestsLaunchTests.swift; sourceTree = "<group>"; };
		08ADBF602AF3D759009170B3 /* NSObject+.swift */ = {isa = PBXFileReference; lastKnownFileType = sourcecode.swift; path = "NSObject+.swift"; sourceTree = "<group>"; };
		08ADBF622AF3D7C1009170B3 /* Storyboardable.swift */ = {isa = PBXFileReference; lastKnownFileType = sourcecode.swift; path = Storyboardable.swift; sourceTree = "<group>"; };
		2E1AE3206585D5979DB09B20 /* Pods-chatwork-challenge-chatwork-challengeUITests.release.xcconfig */ = {isa = PBXFileReference; includeInIndex = 1; lastKnownFileType = text.xcconfig; name = "Pods-chatwork-challenge-chatwork-challengeUITests.release.xcconfig"; path = "Target Support Files/Pods-chatwork-challenge-chatwork-challengeUITests/Pods-chatwork-challenge-chatwork-challengeUITests.release.xcconfig"; sourceTree = "<group>"; };
		446A0E9467DCF172B20140D8 /* Pods_chatwork_challenge_chatwork_challengeUITests.framework */ = {isa = PBXFileReference; explicitFileType = wrapper.framework; includeInIndex = 0; path = Pods_chatwork_challenge_chatwork_challengeUITests.framework; sourceTree = BUILT_PRODUCTS_DIR; };
		4AF4D9A55EBF4DB7FD32D6A2 /* Pods-chatwork-challengeTests.debug.xcconfig */ = {isa = PBXFileReference; includeInIndex = 1; lastKnownFileType = text.xcconfig; name = "Pods-chatwork-challengeTests.debug.xcconfig"; path = "Target Support Files/Pods-chatwork-challengeTests/Pods-chatwork-challengeTests.debug.xcconfig"; sourceTree = "<group>"; };
		775A77FDA24E76332B6226E2 /* Pods-chatwork-challenge.release.xcconfig */ = {isa = PBXFileReference; includeInIndex = 1; lastKnownFileType = text.xcconfig; name = "Pods-chatwork-challenge.release.xcconfig"; path = "Target Support Files/Pods-chatwork-challenge/Pods-chatwork-challenge.release.xcconfig"; sourceTree = "<group>"; };
		9021DFAE719E96D82BC799F5 /* Pods-chatwork-challenge.debug.xcconfig */ = {isa = PBXFileReference; includeInIndex = 1; lastKnownFileType = text.xcconfig; name = "Pods-chatwork-challenge.debug.xcconfig"; path = "Target Support Files/Pods-chatwork-challenge/Pods-chatwork-challenge.debug.xcconfig"; sourceTree = "<group>"; };
		945F502F3803D6E29BCD0482 /* Pods_chatwork_challengeTests.framework */ = {isa = PBXFileReference; explicitFileType = wrapper.framework; includeInIndex = 0; path = Pods_chatwork_challengeTests.framework; sourceTree = BUILT_PRODUCTS_DIR; };
		AE16E8635F534A7CD6C4EBA9 /* Pods-chatwork-challenge-chatwork-challengeUITests.debug.xcconfig */ = {isa = PBXFileReference; includeInIndex = 1; lastKnownFileType = text.xcconfig; name = "Pods-chatwork-challenge-chatwork-challengeUITests.debug.xcconfig"; path = "Target Support Files/Pods-chatwork-challenge-chatwork-challengeUITests/Pods-chatwork-challenge-chatwork-challengeUITests.debug.xcconfig"; sourceTree = "<group>"; };
		DC2FB9EE0FB788B185DF6544 /* Pods-chatwork-challengeTests.release.xcconfig */ = {isa = PBXFileReference; includeInIndex = 1; lastKnownFileType = text.xcconfig; name = "Pods-chatwork-challengeTests.release.xcconfig"; path = "Target Support Files/Pods-chatwork-challengeTests/Pods-chatwork-challengeTests.release.xcconfig"; sourceTree = "<group>"; };
		DD396C1D29FDF51A0498A441 /* Pods_chatwork_challenge.framework */ = {isa = PBXFileReference; explicitFileType = wrapper.framework; includeInIndex = 0; path = Pods_chatwork_challenge.framework; sourceTree = BUILT_PRODUCTS_DIR; };
/* End PBXFileReference section */

/* Begin PBXFrameworksBuildPhase section */
		08ADBF252AF3B055009170B3 /* Frameworks */ = {
			isa = PBXFrameworksBuildPhase;
			buildActionMask = 2147483647;
			files = (
				429093BE590DF1AC3E1EC128 /* Pods_chatwork_challenge.framework in Frameworks */,
			);
			runOnlyForDeploymentPostprocessing = 0;
		};
		08ADBF3B2AF3B057009170B3 /* Frameworks */ = {
			isa = PBXFrameworksBuildPhase;
			buildActionMask = 2147483647;
			files = (
				67E54FBB055B84C3BB1DC870 /* Pods_chatwork_challengeTests.framework in Frameworks */,
			);
			runOnlyForDeploymentPostprocessing = 0;
		};
		08ADBF452AF3B058009170B3 /* Frameworks */ = {
			isa = PBXFrameworksBuildPhase;
			buildActionMask = 2147483647;
			files = (
				F45E169CEC74DE8D13FDAE83 /* Pods_chatwork_challenge_chatwork_challengeUITests.framework in Frameworks */,
			);
			runOnlyForDeploymentPostprocessing = 0;
		};
/* End PBXFrameworksBuildPhase section */

/* Begin PBXGroup section */
		08ADBF1F2AF3B055009170B3 = {
			isa = PBXGroup;
			children = (
				08ADBF2A2AF3B055009170B3 /* chatwork-challenge */,
				08ADBF412AF3B058009170B3 /* chatwork-challengeTests */,
				08ADBF4B2AF3B058009170B3 /* chatwork-challengeUITests */,
				08ADBF292AF3B055009170B3 /* Products */,
				194CA63BFEFCFB49550E1C37 /* Pods */,
				9EA9B988D7BE207D9D987364 /* Frameworks */,
			);
			sourceTree = "<group>";
		};
		08ADBF292AF3B055009170B3 /* Products */ = {
			isa = PBXGroup;
			children = (
				08ADBF282AF3B055009170B3 /* chatwork-challenge.app */,
				08ADBF3E2AF3B057009170B3 /* chatwork-challengeTests.xctest */,
				08ADBF482AF3B058009170B3 /* chatwork-challengeUITests.xctest */,
			);
			name = Products;
			sourceTree = "<group>";
		};
		08ADBF2A2AF3B055009170B3 /* chatwork-challenge */ = {
			isa = PBXGroup;
			children = (
				08ADBF5B2AF3D503009170B3 /* App */,
				08ADBF5C2AF3D53A009170B3 /* Common */,
				08ADBF5D2AF3D6C0009170B3 /* Presentation */,
				08ADBF342AF3B057009170B3 /* Assets.xcassets */,
				08ADBF392AF3B057009170B3 /* Info.plist */,
			);
			path = "chatwork-challenge";
			sourceTree = "<group>";
		};
		08ADBF412AF3B058009170B3 /* chatwork-challengeTests */ = {
			isa = PBXGroup;
			children = (
				08ADBF422AF3B058009170B3 /* chatwork_challengeTests.swift */,
			);
			path = "chatwork-challengeTests";
			sourceTree = "<group>";
		};
		08ADBF4B2AF3B058009170B3 /* chatwork-challengeUITests */ = {
			isa = PBXGroup;
			children = (
				08ADBF4C2AF3B058009170B3 /* chatwork_challengeUITests.swift */,
				08ADBF4E2AF3B058009170B3 /* chatwork_challengeUITestsLaunchTests.swift */,
			);
			path = "chatwork-challengeUITests";
			sourceTree = "<group>";
		};
		08ADBF5B2AF3D503009170B3 /* App */ = {
			isa = PBXGroup;
			children = (
				08ADBF2B2AF3B055009170B3 /* AppDelegate.swift */,
				08ADBF2D2AF3B055009170B3 /* SceneDelegate.swift */,
			);
			path = App;
			sourceTree = "<group>";
		};
		08ADBF5C2AF3D53A009170B3 /* Common */ = {
			isa = PBXGroup;
			children = (
				08ADBF602AF3D759009170B3 /* NSObject+.swift */,
			);
			path = Common;
			sourceTree = "<group>";
		};
		08ADBF5D2AF3D6C0009170B3 /* Presentation */ = {
			isa = PBXGroup;
			children = (
				08ADBF622AF3D7C1009170B3 /* Storyboardable.swift */,
				08ADBF5F2AF3D6DE009170B3 /* Launch */,
				08ADBF5E2AF3D6D2009170B3 /* Main */,
			);
			path = Presentation;
			sourceTree = "<group>";
		};
		08ADBF5E2AF3D6D2009170B3 /* Main */ = {
			isa = PBXGroup;
			children = (
				08ADBF2F2AF3B055009170B3 /* ViewController.swift */,
				08ADBF312AF3B055009170B3 /* Main.storyboard */,
			);
			path = Main;
			sourceTree = "<group>";
		};
		08ADBF5F2AF3D6DE009170B3 /* Launch */ = {
			isa = PBXGroup;
			children = (
				08ADBF362AF3B057009170B3 /* LaunchScreen.storyboard */,
			);
			path = Launch;
			sourceTree = "<group>";
		};
		194CA63BFEFCFB49550E1C37 /* Pods */ = {
			isa = PBXGroup;
			children = (
				9021DFAE719E96D82BC799F5 /* Pods-chatwork-challenge.debug.xcconfig */,
				775A77FDA24E76332B6226E2 /* Pods-chatwork-challenge.release.xcconfig */,
				AE16E8635F534A7CD6C4EBA9 /* Pods-chatwork-challenge-chatwork-challengeUITests.debug.xcconfig */,
				2E1AE3206585D5979DB09B20 /* Pods-chatwork-challenge-chatwork-challengeUITests.release.xcconfig */,
				4AF4D9A55EBF4DB7FD32D6A2 /* Pods-chatwork-challengeTests.debug.xcconfig */,
				DC2FB9EE0FB788B185DF6544 /* Pods-chatwork-challengeTests.release.xcconfig */,
			);
			path = Pods;
			sourceTree = "<group>";
		};
		9EA9B988D7BE207D9D987364 /* Frameworks */ = {
			isa = PBXGroup;
			children = (
				DD396C1D29FDF51A0498A441 /* Pods_chatwork_challenge.framework */,
				446A0E9467DCF172B20140D8 /* Pods_chatwork_challenge_chatwork_challengeUITests.framework */,
				945F502F3803D6E29BCD0482 /* Pods_chatwork_challengeTests.framework */,
			);
			name = Frameworks;
			sourceTree = "<group>";
		};
/* End PBXGroup section */

/* Begin PBXNativeTarget section */
		08ADBF272AF3B055009170B3 /* chatwork-challenge */ = {
			isa = PBXNativeTarget;
			buildConfigurationList = 08ADBF522AF3B058009170B3 /* Build configuration list for PBXNativeTarget "chatwork-challenge" */;
			buildPhases = (
				BE08F1C2CC361E4828FE5735 /* [CP] Check Pods Manifest.lock */,
				08ADBF242AF3B055009170B3 /* Sources */,
				08ADBF252AF3B055009170B3 /* Frameworks */,
				08ADBF262AF3B055009170B3 /* Resources */,
				95A3D5CD4BBE749AD52BA96E /* [CP] Embed Pods Frameworks */,
			);
			buildRules = (
			);
			dependencies = (
			);
			name = "chatwork-challenge";
			productName = "chatwork-challenge";
			productReference = 08ADBF282AF3B055009170B3 /* chatwork-challenge.app */;
			productType = "com.apple.product-type.application";
		};
		08ADBF3D2AF3B057009170B3 /* chatwork-challengeTests */ = {
			isa = PBXNativeTarget;
			buildConfigurationList = 08ADBF552AF3B058009170B3 /* Build configuration list for PBXNativeTarget "chatwork-challengeTests" */;
			buildPhases = (
				98281A6A854EFCD6EF2779E2 /* [CP] Check Pods Manifest.lock */,
				08ADBF3A2AF3B057009170B3 /* Sources */,
				08ADBF3B2AF3B057009170B3 /* Frameworks */,
				08ADBF3C2AF3B057009170B3 /* Resources */,
			);
			buildRules = (
			);
			dependencies = (
				08ADBF402AF3B057009170B3 /* PBXTargetDependency */,
			);
			name = "chatwork-challengeTests";
			productName = "chatwork-challengeTests";
			productReference = 08ADBF3E2AF3B057009170B3 /* chatwork-challengeTests.xctest */;
			productType = "com.apple.product-type.bundle.unit-test";
		};
		08ADBF472AF3B058009170B3 /* chatwork-challengeUITests */ = {
			isa = PBXNativeTarget;
			buildConfigurationList = 08ADBF582AF3B058009170B3 /* Build configuration list for PBXNativeTarget "chatwork-challengeUITests" */;
			buildPhases = (
				D69A9D38DDB9078293E2A4BC /* [CP] Check Pods Manifest.lock */,
				08ADBF442AF3B058009170B3 /* Sources */,
				08ADBF452AF3B058009170B3 /* Frameworks */,
				08ADBF462AF3B058009170B3 /* Resources */,
				BFBC67F05F26A5289D67F4E2 /* [CP] Embed Pods Frameworks */,
			);
			buildRules = (
			);
			dependencies = (
				08ADBF4A2AF3B058009170B3 /* PBXTargetDependency */,
			);
			name = "chatwork-challengeUITests";
			productName = "chatwork-challengeUITests";
			productReference = 08ADBF482AF3B058009170B3 /* chatwork-challengeUITests.xctest */;
			productType = "com.apple.product-type.bundle.ui-testing";
		};
/* End PBXNativeTarget section */

/* Begin PBXProject section */
		08ADBF202AF3B055009170B3 /* Project object */ = {
			isa = PBXProject;
			attributes = {
				BuildIndependentTargetsInParallel = 1;
				LastSwiftUpdateCheck = 1500;
				LastUpgradeCheck = 1500;
				TargetAttributes = {
					08ADBF272AF3B055009170B3 = {
						CreatedOnToolsVersion = 15.0.1;
					};
					08ADBF3D2AF3B057009170B3 = {
						CreatedOnToolsVersion = 15.0.1;
						TestTargetID = 08ADBF272AF3B055009170B3;
					};
					08ADBF472AF3B058009170B3 = {
						CreatedOnToolsVersion = 15.0.1;
						TestTargetID = 08ADBF272AF3B055009170B3;
					};
				};
			};
			buildConfigurationList = 08ADBF232AF3B055009170B3 /* Build configuration list for PBXProject "chatwork-challenge" */;
			compatibilityVersion = "Xcode 14.0";
			developmentRegion = en;
			hasScannedForEncodings = 0;
			knownRegions = (
				en,
				Base,
			);
			mainGroup = 08ADBF1F2AF3B055009170B3;
			productRefGroup = 08ADBF292AF3B055009170B3 /* Products */;
			projectDirPath = "";
			projectRoot = "";
			targets = (
				08ADBF272AF3B055009170B3 /* chatwork-challenge */,
				08ADBF3D2AF3B057009170B3 /* chatwork-challengeTests */,
				08ADBF472AF3B058009170B3 /* chatwork-challengeUITests */,
			);
		};
/* End PBXProject section */

/* Begin PBXResourcesBuildPhase section */
		08ADBF262AF3B055009170B3 /* Resources */ = {
			isa = PBXResourcesBuildPhase;
			buildActionMask = 2147483647;
			files = (
				08ADBF382AF3B057009170B3 /* LaunchScreen.storyboard in Resources */,
				08ADBF352AF3B057009170B3 /* Assets.xcassets in Resources */,
				08ADBF332AF3B055009170B3 /* Main.storyboard in Resources */,
			);
			runOnlyForDeploymentPostprocessing = 0;
		};
		08ADBF3C2AF3B057009170B3 /* Resources */ = {
			isa = PBXResourcesBuildPhase;
			buildActionMask = 2147483647;
			files = (
			);
			runOnlyForDeploymentPostprocessing = 0;
		};
		08ADBF462AF3B058009170B3 /* Resources */ = {
			isa = PBXResourcesBuildPhase;
			buildActionMask = 2147483647;
			files = (
			);
			runOnlyForDeploymentPostprocessing = 0;
		};
/* End PBXResourcesBuildPhase section */

/* Begin PBXShellScriptBuildPhase section */
		95A3D5CD4BBE749AD52BA96E /* [CP] Embed Pods Frameworks */ = {
			isa = PBXShellScriptBuildPhase;
			buildActionMask = 2147483647;
			files = (
			);
			inputFileListPaths = (
				"${PODS_ROOT}/Target Support Files/Pods-chatwork-challenge/Pods-chatwork-challenge-frameworks-${CONFIGURATION}-input-files.xcfilelist",
			);
			name = "[CP] Embed Pods Frameworks";
			outputFileListPaths = (
				"${PODS_ROOT}/Target Support Files/Pods-chatwork-challenge/Pods-chatwork-challenge-frameworks-${CONFIGURATION}-output-files.xcfilelist",
			);
			runOnlyForDeploymentPostprocessing = 0;
			shellPath = /bin/sh;
			shellScript = "\"${PODS_ROOT}/Target Support Files/Pods-chatwork-challenge/Pods-chatwork-challenge-frameworks.sh\"\n";
			showEnvVarsInLog = 0;
		};
		98281A6A854EFCD6EF2779E2 /* [CP] Check Pods Manifest.lock */ = {
			isa = PBXShellScriptBuildPhase;
			buildActionMask = 2147483647;
			files = (
			);
			inputFileListPaths = (
			);
			inputPaths = (
				"${PODS_PODFILE_DIR_PATH}/Podfile.lock",
				"${PODS_ROOT}/Manifest.lock",
			);
			name = "[CP] Check Pods Manifest.lock";
			outputFileListPaths = (
			);
			outputPaths = (
				"$(DERIVED_FILE_DIR)/Pods-chatwork-challengeTests-checkManifestLockResult.txt",
			);
			runOnlyForDeploymentPostprocessing = 0;
			shellPath = /bin/sh;
			shellScript = "diff \"${PODS_PODFILE_DIR_PATH}/Podfile.lock\" \"${PODS_ROOT}/Manifest.lock\" > /dev/null\nif [ $? != 0 ] ; then\n    # print error to STDERR\n    echo \"error: The sandbox is not in sync with the Podfile.lock. Run 'pod install' or update your CocoaPods installation.\" >&2\n    exit 1\nfi\n# This output is used by Xcode 'outputs' to avoid re-running this script phase.\necho \"SUCCESS\" > \"${SCRIPT_OUTPUT_FILE_0}\"\n";
			showEnvVarsInLog = 0;
		};
		BE08F1C2CC361E4828FE5735 /* [CP] Check Pods Manifest.lock */ = {
			isa = PBXShellScriptBuildPhase;
			buildActionMask = 2147483647;
			files = (
			);
			inputFileListPaths = (
			);
			inputPaths = (
				"${PODS_PODFILE_DIR_PATH}/Podfile.lock",
				"${PODS_ROOT}/Manifest.lock",
			);
			name = "[CP] Check Pods Manifest.lock";
			outputFileListPaths = (
			);
			outputPaths = (
				"$(DERIVED_FILE_DIR)/Pods-chatwork-challenge-checkManifestLockResult.txt",
			);
			runOnlyForDeploymentPostprocessing = 0;
			shellPath = /bin/sh;
			shellScript = "diff \"${PODS_PODFILE_DIR_PATH}/Podfile.lock\" \"${PODS_ROOT}/Manifest.lock\" > /dev/null\nif [ $? != 0 ] ; then\n    # print error to STDERR\n    echo \"error: The sandbox is not in sync with the Podfile.lock. Run 'pod install' or update your CocoaPods installation.\" >&2\n    exit 1\nfi\n# This output is used by Xcode 'outputs' to avoid re-running this script phase.\necho \"SUCCESS\" > \"${SCRIPT_OUTPUT_FILE_0}\"\n";
			showEnvVarsInLog = 0;
		};
		BFBC67F05F26A5289D67F4E2 /* [CP] Embed Pods Frameworks */ = {
			isa = PBXShellScriptBuildPhase;
			buildActionMask = 2147483647;
			files = (
			);
			inputFileListPaths = (
				"${PODS_ROOT}/Target Support Files/Pods-chatwork-challenge-chatwork-challengeUITests/Pods-chatwork-challenge-chatwork-challengeUITests-frameworks-${CONFIGURATION}-input-files.xcfilelist",
			);
			name = "[CP] Embed Pods Frameworks";
			outputFileListPaths = (
				"${PODS_ROOT}/Target Support Files/Pods-chatwork-challenge-chatwork-challengeUITests/Pods-chatwork-challenge-chatwork-challengeUITests-frameworks-${CONFIGURATION}-output-files.xcfilelist",
			);
			runOnlyForDeploymentPostprocessing = 0;
			shellPath = /bin/sh;
			shellScript = "\"${PODS_ROOT}/Target Support Files/Pods-chatwork-challenge-chatwork-challengeUITests/Pods-chatwork-challenge-chatwork-challengeUITests-frameworks.sh\"\n";
			showEnvVarsInLog = 0;
		};
		D69A9D38DDB9078293E2A4BC /* [CP] Check Pods Manifest.lock */ = {
			isa = PBXShellScriptBuildPhase;
			buildActionMask = 2147483647;
			files = (
			);
			inputFileListPaths = (
			);
			inputPaths = (
				"${PODS_PODFILE_DIR_PATH}/Podfile.lock",
				"${PODS_ROOT}/Manifest.lock",
			);
			name = "[CP] Check Pods Manifest.lock";
			outputFileListPaths = (
			);
			outputPaths = (
				"$(DERIVED_FILE_DIR)/Pods-chatwork-challenge-chatwork-challengeUITests-checkManifestLockResult.txt",
			);
			runOnlyForDeploymentPostprocessing = 0;
			shellPath = /bin/sh;
			shellScript = "diff \"${PODS_PODFILE_DIR_PATH}/Podfile.lock\" \"${PODS_ROOT}/Manifest.lock\" > /dev/null\nif [ $? != 0 ] ; then\n    # print error to STDERR\n    echo \"error: The sandbox is not in sync with the Podfile.lock. Run 'pod install' or update your CocoaPods installation.\" >&2\n    exit 1\nfi\n# This output is used by Xcode 'outputs' to avoid re-running this script phase.\necho \"SUCCESS\" > \"${SCRIPT_OUTPUT_FILE_0}\"\n";
			showEnvVarsInLog = 0;
		};
/* End PBXShellScriptBuildPhase section */

/* Begin PBXSourcesBuildPhase section */
		08ADBF242AF3B055009170B3 /* Sources */ = {
			isa = PBXSourcesBuildPhase;
			buildActionMask = 2147483647;
			files = (
				08ADBF302AF3B055009170B3 /* ViewController.swift in Sources */,
				08ADBF612AF3D759009170B3 /* NSObject+.swift in Sources */,
				08ADBF2C2AF3B055009170B3 /* AppDelegate.swift in Sources */,
				08ADBF632AF3D7C1009170B3 /* Storyboardable.swift in Sources */,
				08ADBF2E2AF3B055009170B3 /* SceneDelegate.swift in Sources */,
			);
			runOnlyForDeploymentPostprocessing = 0;
		};
		08ADBF3A2AF3B057009170B3 /* Sources */ = {
			isa = PBXSourcesBuildPhase;
			buildActionMask = 2147483647;
			files = (
				08ADBF432AF3B058009170B3 /* chatwork_challengeTests.swift in Sources */,
			);
			runOnlyForDeploymentPostprocessing = 0;
		};
		08ADBF442AF3B058009170B3 /* Sources */ = {
			isa = PBXSourcesBuildPhase;
			buildActionMask = 2147483647;
			files = (
				08ADBF4D2AF3B058009170B3 /* chatwork_challengeUITests.swift in Sources */,
				08ADBF4F2AF3B058009170B3 /* chatwork_challengeUITestsLaunchTests.swift in Sources */,
			);
			runOnlyForDeploymentPostprocessing = 0;
		};
/* End PBXSourcesBuildPhase section */

/* Begin PBXTargetDependency section */
		08ADBF402AF3B057009170B3 /* PBXTargetDependency */ = {
			isa = PBXTargetDependency;
			target = 08ADBF272AF3B055009170B3 /* chatwork-challenge */;
			targetProxy = 08ADBF3F2AF3B057009170B3 /* PBXContainerItemProxy */;
		};
		08ADBF4A2AF3B058009170B3 /* PBXTargetDependency */ = {
			isa = PBXTargetDependency;
			target = 08ADBF272AF3B055009170B3 /* chatwork-challenge */;
			targetProxy = 08ADBF492AF3B058009170B3 /* PBXContainerItemProxy */;
		};
/* End PBXTargetDependency section */

/* Begin PBXVariantGroup section */
		08ADBF312AF3B055009170B3 /* Main.storyboard */ = {
			isa = PBXVariantGroup;
			children = (
				08ADBF322AF3B055009170B3 /* Base */,
			);
			name = Main.storyboard;
			sourceTree = "<group>";
		};
		08ADBF362AF3B057009170B3 /* LaunchScreen.storyboard */ = {
			isa = PBXVariantGroup;
			children = (
				08ADBF372AF3B057009170B3 /* Base */,
			);
			name = LaunchScreen.storyboard;
			sourceTree = "<group>";
		};
/* End PBXVariantGroup section */

/* Begin XCBuildConfiguration section */
		08ADBF502AF3B058009170B3 /* Debug */ = {
			isa = XCBuildConfiguration;
			buildSettings = {
				ALWAYS_SEARCH_USER_PATHS = NO;
				ASSETCATALOG_COMPILER_GENERATE_SWIFT_ASSET_SYMBOL_EXTENSIONS = YES;
				CLANG_ANALYZER_NONNULL = YES;
				CLANG_ANALYZER_NUMBER_OBJECT_CONVERSION = YES_AGGRESSIVE;
				CLANG_CXX_LANGUAGE_STANDARD = "gnu++20";
				CLANG_ENABLE_MODULES = YES;
				CLANG_ENABLE_OBJC_ARC = YES;
				CLANG_ENABLE_OBJC_WEAK = YES;
				CLANG_WARN_BLOCK_CAPTURE_AUTORELEASING = YES;
				CLANG_WARN_BOOL_CONVERSION = YES;
				CLANG_WARN_COMMA = YES;
				CLANG_WARN_CONSTANT_CONVERSION = YES;
				CLANG_WARN_DEPRECATED_OBJC_IMPLEMENTATIONS = YES;
				CLANG_WARN_DIRECT_OBJC_ISA_USAGE = YES_ERROR;
				CLANG_WARN_DOCUMENTATION_COMMENTS = YES;
				CLANG_WARN_EMPTY_BODY = YES;
				CLANG_WARN_ENUM_CONVERSION = YES;
				CLANG_WARN_INFINITE_RECURSION = YES;
				CLANG_WARN_INT_CONVERSION = YES;
				CLANG_WARN_NON_LITERAL_NULL_CONVERSION = YES;
				CLANG_WARN_OBJC_IMPLICIT_RETAIN_SELF = YES;
				CLANG_WARN_OBJC_LITERAL_CONVERSION = YES;
				CLANG_WARN_OBJC_ROOT_CLASS = YES_ERROR;
				CLANG_WARN_QUOTED_INCLUDE_IN_FRAMEWORK_HEADER = YES;
				CLANG_WARN_RANGE_LOOP_ANALYSIS = YES;
				CLANG_WARN_STRICT_PROTOTYPES = YES;
				CLANG_WARN_SUSPICIOUS_MOVE = YES;
				CLANG_WARN_UNGUARDED_AVAILABILITY = YES_AGGRESSIVE;
				CLANG_WARN_UNREACHABLE_CODE = YES;
				CLANG_WARN__DUPLICATE_METHOD_MATCH = YES;
				COPY_PHASE_STRIP = NO;
				DEBUG_INFORMATION_FORMAT = dwarf;
				ENABLE_STRICT_OBJC_MSGSEND = YES;
				ENABLE_TESTABILITY = YES;
				ENABLE_USER_SCRIPT_SANDBOXING = YES;
				GCC_C_LANGUAGE_STANDARD = gnu17;
				GCC_DYNAMIC_NO_PIC = NO;
				GCC_NO_COMMON_BLOCKS = YES;
				GCC_OPTIMIZATION_LEVEL = 0;
				GCC_PREPROCESSOR_DEFINITIONS = (
					"DEBUG=1",
					"$(inherited)",
				);
				GCC_WARN_64_TO_32_BIT_CONVERSION = YES;
				GCC_WARN_ABOUT_RETURN_TYPE = YES_ERROR;
				GCC_WARN_UNDECLARED_SELECTOR = YES;
				GCC_WARN_UNINITIALIZED_AUTOS = YES_AGGRESSIVE;
				GCC_WARN_UNUSED_FUNCTION = YES;
				GCC_WARN_UNUSED_VARIABLE = YES;
				IPHONEOS_DEPLOYMENT_TARGET = 17.0;
				LOCALIZATION_PREFERS_STRING_CATALOGS = YES;
				MTL_ENABLE_DEBUG_INFO = INCLUDE_SOURCE;
				MTL_FAST_MATH = YES;
				ONLY_ACTIVE_ARCH = YES;
				SDKROOT = iphoneos;
				SWIFT_ACTIVE_COMPILATION_CONDITIONS = "DEBUG $(inherited)";
				SWIFT_OPTIMIZATION_LEVEL = "-Onone";
			};
			name = Debug;
		};
		08ADBF512AF3B058009170B3 /* Release */ = {
			isa = XCBuildConfiguration;
			buildSettings = {
				ALWAYS_SEARCH_USER_PATHS = NO;
				ASSETCATALOG_COMPILER_GENERATE_SWIFT_ASSET_SYMBOL_EXTENSIONS = YES;
				CLANG_ANALYZER_NONNULL = YES;
				CLANG_ANALYZER_NUMBER_OBJECT_CONVERSION = YES_AGGRESSIVE;
				CLANG_CXX_LANGUAGE_STANDARD = "gnu++20";
				CLANG_ENABLE_MODULES = YES;
				CLANG_ENABLE_OBJC_ARC = YES;
				CLANG_ENABLE_OBJC_WEAK = YES;
				CLANG_WARN_BLOCK_CAPTURE_AUTORELEASING = YES;
				CLANG_WARN_BOOL_CONVERSION = YES;
				CLANG_WARN_COMMA = YES;
				CLANG_WARN_CONSTANT_CONVERSION = YES;
				CLANG_WARN_DEPRECATED_OBJC_IMPLEMENTATIONS = YES;
				CLANG_WARN_DIRECT_OBJC_ISA_USAGE = YES_ERROR;
				CLANG_WARN_DOCUMENTATION_COMMENTS = YES;
				CLANG_WARN_EMPTY_BODY = YES;
				CLANG_WARN_ENUM_CONVERSION = YES;
				CLANG_WARN_INFINITE_RECURSION = YES;
				CLANG_WARN_INT_CONVERSION = YES;
				CLANG_WARN_NON_LITERAL_NULL_CONVERSION = YES;
				CLANG_WARN_OBJC_IMPLICIT_RETAIN_SELF = YES;
				CLANG_WARN_OBJC_LITERAL_CONVERSION = YES;
				CLANG_WARN_OBJC_ROOT_CLASS = YES_ERROR;
				CLANG_WARN_QUOTED_INCLUDE_IN_FRAMEWORK_HEADER = YES;
				CLANG_WARN_RANGE_LOOP_ANALYSIS = YES;
				CLANG_WARN_STRICT_PROTOTYPES = YES;
				CLANG_WARN_SUSPICIOUS_MOVE = YES;
				CLANG_WARN_UNGUARDED_AVAILABILITY = YES_AGGRESSIVE;
				CLANG_WARN_UNREACHABLE_CODE = YES;
				CLANG_WARN__DUPLICATE_METHOD_MATCH = YES;
				COPY_PHASE_STRIP = NO;
				DEBUG_INFORMATION_FORMAT = "dwarf-with-dsym";
				ENABLE_NS_ASSERTIONS = NO;
				ENABLE_STRICT_OBJC_MSGSEND = YES;
				ENABLE_USER_SCRIPT_SANDBOXING = YES;
				GCC_C_LANGUAGE_STANDARD = gnu17;
				GCC_NO_COMMON_BLOCKS = YES;
				GCC_WARN_64_TO_32_BIT_CONVERSION = YES;
				GCC_WARN_ABOUT_RETURN_TYPE = YES_ERROR;
				GCC_WARN_UNDECLARED_SELECTOR = YES;
				GCC_WARN_UNINITIALIZED_AUTOS = YES_AGGRESSIVE;
				GCC_WARN_UNUSED_FUNCTION = YES;
				GCC_WARN_UNUSED_VARIABLE = YES;
				IPHONEOS_DEPLOYMENT_TARGET = 17.0;
				LOCALIZATION_PREFERS_STRING_CATALOGS = YES;
				MTL_ENABLE_DEBUG_INFO = NO;
				MTL_FAST_MATH = YES;
				SDKROOT = iphoneos;
				SWIFT_COMPILATION_MODE = wholemodule;
				VALIDATE_PRODUCT = YES;
			};
			name = Release;
		};
		08ADBF532AF3B058009170B3 /* Debug */ = {
			isa = XCBuildConfiguration;
			baseConfigurationReference = 9021DFAE719E96D82BC799F5 /* Pods-chatwork-challenge.debug.xcconfig */;
			buildSettings = {
				ASSETCATALOG_COMPILER_APPICON_NAME = AppIcon;
				ASSETCATALOG_COMPILER_GLOBAL_ACCENT_COLOR_NAME = AccentColor;
				CODE_SIGN_STYLE = Automatic;
				CURRENT_PROJECT_VERSION = 1;
				DEVELOPMENT_TEAM = RNAHU294NB;
				ENABLE_USER_SCRIPT_SANDBOXING = NO;
				GENERATE_INFOPLIST_FILE = YES;
				INFOPLIST_FILE = "chatwork-challenge/Info.plist";
				INFOPLIST_KEY_UIApplicationSupportsIndirectInputEvents = YES;
				INFOPLIST_KEY_UILaunchStoryboardName = LaunchScreen;
				INFOPLIST_KEY_UIMainStoryboardFile = Main;
				INFOPLIST_KEY_UISupportedInterfaceOrientations_iPad = "UIInterfaceOrientationPortrait UIInterfaceOrientationPortraitUpsideDown UIInterfaceOrientationLandscapeLeft UIInterfaceOrientationLandscapeRight";
				INFOPLIST_KEY_UISupportedInterfaceOrientations_iPhone = "UIInterfaceOrientationPortrait UIInterfaceOrientationLandscapeLeft UIInterfaceOrientationLandscapeRight";
				LD_RUNPATH_SEARCH_PATHS = (
					"$(inherited)",
					"@executable_path/Frameworks",
				);
				MARKETING_VERSION = 1.0;
				PRODUCT_BUNDLE_IDENTIFIER = "hide.chatwork-challenge";
				PRODUCT_NAME = "$(TARGET_NAME)";
				SWIFT_EMIT_LOC_STRINGS = YES;
				SWIFT_VERSION = 5.0;
				TARGETED_DEVICE_FAMILY = "1,2";
			};
			name = Debug;
		};
		08ADBF542AF3B058009170B3 /* Release */ = {
			isa = XCBuildConfiguration;
			baseConfigurationReference = 775A77FDA24E76332B6226E2 /* Pods-chatwork-challenge.release.xcconfig */;
			buildSettings = {
				ASSETCATALOG_COMPILER_APPICON_NAME = AppIcon;
				ASSETCATALOG_COMPILER_GLOBAL_ACCENT_COLOR_NAME = AccentColor;
				CODE_SIGN_STYLE = Automatic;
				CURRENT_PROJECT_VERSION = 1;
				DEVELOPMENT_TEAM = RNAHU294NB;
				ENABLE_USER_SCRIPT_SANDBOXING = NO;
				GENERATE_INFOPLIST_FILE = YES;
				INFOPLIST_FILE = "chatwork-challenge/Info.plist";
				INFOPLIST_KEY_UIApplicationSupportsIndirectInputEvents = YES;
				INFOPLIST_KEY_UILaunchStoryboardName = LaunchScreen;
				INFOPLIST_KEY_UIMainStoryboardFile = Main;
				INFOPLIST_KEY_UISupportedInterfaceOrientations_iPad = "UIInterfaceOrientationPortrait UIInterfaceOrientationPortraitUpsideDown UIInterfaceOrientationLandscapeLeft UIInterfaceOrientationLandscapeRight";
				INFOPLIST_KEY_UISupportedInterfaceOrientations_iPhone = "UIInterfaceOrientationPortrait UIInterfaceOrientationLandscapeLeft UIInterfaceOrientationLandscapeRight";
				LD_RUNPATH_SEARCH_PATHS = (
					"$(inherited)",
					"@executable_path/Frameworks",
				);
				MARKETING_VERSION = 1.0;
				PRODUCT_BUNDLE_IDENTIFIER = "hide.chatwork-challenge";
				PRODUCT_NAME = "$(TARGET_NAME)";
				SWIFT_EMIT_LOC_STRINGS = YES;
				SWIFT_VERSION = 5.0;
				TARGETED_DEVICE_FAMILY = "1,2";
			};
			name = Release;
		};
		08ADBF562AF3B058009170B3 /* Debug */ = {
			isa = XCBuildConfiguration;
			baseConfigurationReference = 4AF4D9A55EBF4DB7FD32D6A2 /* Pods-chatwork-challengeTests.debug.xcconfig */;
			buildSettings = {
				ALWAYS_EMBED_SWIFT_STANDARD_LIBRARIES = YES;
				BUNDLE_LOADER = "$(TEST_HOST)";
				CODE_SIGN_STYLE = Automatic;
				CURRENT_PROJECT_VERSION = 1;
				DEVELOPMENT_TEAM = RNAHU294NB;
				GENERATE_INFOPLIST_FILE = YES;
				IPHONEOS_DEPLOYMENT_TARGET = 17.0;
				MARKETING_VERSION = 1.0;
				PRODUCT_BUNDLE_IDENTIFIER = "hide.chatwork-challengeTests";
				PRODUCT_NAME = "$(TARGET_NAME)";
				SWIFT_EMIT_LOC_STRINGS = NO;
				SWIFT_VERSION = 5.0;
				TARGETED_DEVICE_FAMILY = "1,2";
				TEST_HOST = "$(BUILT_PRODUCTS_DIR)/chatwork-challenge.app/$(BUNDLE_EXECUTABLE_FOLDER_PATH)/chatwork-challenge";
			};
			name = Debug;
		};
		08ADBF572AF3B058009170B3 /* Release */ = {
			isa = XCBuildConfiguration;
			baseConfigurationReference = DC2FB9EE0FB788B185DF6544 /* Pods-chatwork-challengeTests.release.xcconfig */;
			buildSettings = {
				ALWAYS_EMBED_SWIFT_STANDARD_LIBRARIES = YES;
				BUNDLE_LOADER = "$(TEST_HOST)";
				CODE_SIGN_STYLE = Automatic;
				CURRENT_PROJECT_VERSION = 1;
				DEVELOPMENT_TEAM = RNAHU294NB;
				GENERATE_INFOPLIST_FILE = YES;
				IPHONEOS_DEPLOYMENT_TARGET = 17.0;
				MARKETING_VERSION = 1.0;
				PRODUCT_BUNDLE_IDENTIFIER = "hide.chatwork-challengeTests";
				PRODUCT_NAME = "$(TARGET_NAME)";
				SWIFT_EMIT_LOC_STRINGS = NO;
				SWIFT_VERSION = 5.0;
				TARGETED_DEVICE_FAMILY = "1,2";
				TEST_HOST = "$(BUILT_PRODUCTS_DIR)/chatwork-challenge.app/$(BUNDLE_EXECUTABLE_FOLDER_PATH)/chatwork-challenge";
			};
			name = Release;
		};
		08ADBF592AF3B058009170B3 /* Debug */ = {
			isa = XCBuildConfiguration;
			baseConfigurationReference = AE16E8635F534A7CD6C4EBA9 /* Pods-chatwork-challenge-chatwork-challengeUITests.debug.xcconfig */;
			buildSettings = {
				ALWAYS_EMBED_SWIFT_STANDARD_LIBRARIES = YES;
				CODE_SIGN_STYLE = Automatic;
				CURRENT_PROJECT_VERSION = 1;
				DEVELOPMENT_TEAM = RNAHU294NB;
				GENERATE_INFOPLIST_FILE = YES;
				MARKETING_VERSION = 1.0;
				PRODUCT_BUNDLE_IDENTIFIER = "hide.chatwork-challengeUITests";
				PRODUCT_NAME = "$(TARGET_NAME)";
				SWIFT_EMIT_LOC_STRINGS = NO;
				SWIFT_VERSION = 5.0;
				TARGETED_DEVICE_FAMILY = "1,2";
				TEST_TARGET_NAME = "chatwork-challenge";
			};
			name = Debug;
		};
		08ADBF5A2AF3B058009170B3 /* Release */ = {
			isa = XCBuildConfiguration;
			baseConfigurationReference = 2E1AE3206585D5979DB09B20 /* Pods-chatwork-challenge-chatwork-challengeUITests.release.xcconfig */;
			buildSettings = {
				ALWAYS_EMBED_SWIFT_STANDARD_LIBRARIES = YES;
				CODE_SIGN_STYLE = Automatic;
				CURRENT_PROJECT_VERSION = 1;
				DEVELOPMENT_TEAM = RNAHU294NB;
				GENERATE_INFOPLIST_FILE = YES;
				MARKETING_VERSION = 1.0;
				PRODUCT_BUNDLE_IDENTIFIER = "hide.chatwork-challengeUITests";
				PRODUCT_NAME = "$(TARGET_NAME)";
				SWIFT_EMIT_LOC_STRINGS = NO;
				SWIFT_VERSION = 5.0;
				TARGETED_DEVICE_FAMILY = "1,2";
				TEST_TARGET_NAME = "chatwork-challenge";
			};
			name = Release;
		};
/* End XCBuildConfiguration section */

/* Begin XCConfigurationList section */
		08ADBF232AF3B055009170B3 /* Build configuration list for PBXProject "chatwork-challenge" */ = {
			isa = XCConfigurationList;
			buildConfigurations = (
				08ADBF502AF3B058009170B3 /* Debug */,
				08ADBF512AF3B058009170B3 /* Release */,
			);
			defaultConfigurationIsVisible = 0;
			defaultConfigurationName = Release;
		};
		08ADBF522AF3B058009170B3 /* Build configuration list for PBXNativeTarget "chatwork-challenge" */ = {
			isa = XCConfigurationList;
			buildConfigurations = (
				08ADBF532AF3B058009170B3 /* Debug */,
				08ADBF542AF3B058009170B3 /* Release */,
			);
			defaultConfigurationIsVisible = 0;
			defaultConfigurationName = Release;
		};
		08ADBF552AF3B058009170B3 /* Build configuration list for PBXNativeTarget "chatwork-challengeTests" */ = {
			isa = XCConfigurationList;
			buildConfigurations = (
				08ADBF562AF3B058009170B3 /* Debug */,
				08ADBF572AF3B058009170B3 /* Release */,
			);
			defaultConfigurationIsVisible = 0;
			defaultConfigurationName = Release;
		};
		08ADBF582AF3B058009170B3 /* Build configuration list for PBXNativeTarget "chatwork-challengeUITests" */ = {
			isa = XCConfigurationList;
			buildConfigurations = (
				08ADBF592AF3B058009170B3 /* Debug */,
				08ADBF5A2AF3B058009170B3 /* Release */,
			);
			defaultConfigurationIsVisible = 0;
			defaultConfigurationName = Release;
		};
/* End XCConfigurationList section */
	};
	rootObject = 08ADBF202AF3B055009170B3 /* Project object */;
}
